
Microsoft Visual Studio Solution File, Format Version 12.00
# Visual Studio Version 16
VisualStudioVersion = 16.0.32106.194
MinimumVisualStudioVersion = 10.0.40219.1
Project("{8BC9CEB8-8B4A-11D0-8D11-00A0C91BC942}") = "programmers", "programmers\programmers.vcxproj", "{8E76A32F-68FF-43BF-B113-993B4910230D}"
EndProject
Project("{2150E333-8FDC-42A3-9474-1A3956D46DE8}") = "baekjoon", "baekjoon", "{647D96DF-49E2-4444-B239-D79C107727E0}"
EndProject
Project("{8BC9CEB8-8B4A-11D0-8D11-00A0C91BC942}") = "2748", "2748\2748.vcxproj", "{A031C561-5072-4FD1-AF3A-ADE3796728C0}"
EndProject
Project("{8BC9CEB8-8B4A-11D0-8D11-00A0C91BC942}") = "1402", "1402\1402.vcxproj", "{E1D870BA-11AC-4AB6-B35D-CCEB91EACB22}"
EndProject
Project("{8BC9CEB8-8B4A-11D0-8D11-00A0C91BC942}") = "24729", "24729\24729.vcxproj", "{9A8A32CA-57AA-42FE-ACF0-F87ED9E74A65}"
EndProject
Project("{8BC9CEB8-8B4A-11D0-8D11-00A0C91BC942}") = "24732", "24732\24732.vcxproj", "{719DCB8B-D46F-45DF-87C7-7095E9A7BBE7}"
EndProject
Project("{8BC9CEB8-8B4A-11D0-8D11-00A0C91BC942}") = "1194", "1194\1194.vcxproj", "{2B82B80C-92B3-42A1-A7ED-EF04BBB702A7}"
EndProject
Project("{8BC9CEB8-8B4A-11D0-8D11-00A0C91BC942}") = "1004", "1004\1004.vcxproj", "{3800FCEB-B8D2-49F1-9266-34917BFF5137}"
EndProject
Project("{8BC9CEB8-8B4A-11D0-8D11-00A0C91BC942}") = "1006", "1006\1006.vcxproj", "{03A9159B-8426-4E03-8120-94700F7A1BB8}"
EndProject
Project("{8BC9CEB8-8B4A-11D0-8D11-00A0C91BC942}") = "1007", "1007\1007.vcxproj", "{B7097716-AAB0-40AF-A3DB-B62FCEA4DC9B}"
EndProject
Project("{8BC9CEB8-8B4A-11D0-8D11-00A0C91BC942}") = "1009", "1009\1009.vcxproj", "{389406B2-6283-4665-80B8-16E1F07787B7}"
EndProject
Project("{8BC9CEB8-8B4A-11D0-8D11-00A0C91BC942}") = "1013", "1013\1013.vcxproj", "{231F4101-9DAB-4620-A54A-47FC0C522FDB}"
EndProject
Project("{8BC9CEB8-8B4A-11D0-8D11-00A0C91BC942}") = "1014", "1014\1014.vcxproj", "{37D1F462-3FDF-455C-A25A-CD9E3E76F87E}"
EndProject
Project("{2150E333-8FDC-42A3-9474-1A3956D46DE8}") = "test", "test", "{BB57FA04-4242-453A-B516-9F503DBD78DE}"
EndProject
Project("{8BC9CEB8-8B4A-11D0-8D11-00A0C91BC942}") = "test", "test\test.vcxproj", "{2D10C6F7-5919-4F1F-92B9-83CD29FA9DF3}"
EndProject
Project("{8BC9CEB8-8B4A-11D0-8D11-00A0C91BC942}") = "1015", "1015\1015.vcxproj", "{7C311969-6862-4E53-A3DF-2886FEB9C4B1}"
EndProject
Project("{8BC9CEB8-8B4A-11D0-8D11-00A0C91BC942}") = "Study Dynamic Programming", "Study Dynamic Programming\Study Dynamic Programming.vcxproj", "{F5B4328B-1210-410C-94FF-7D69AB421A97}"
EndProject
Project("{8BC9CEB8-8B4A-11D0-8D11-00A0C91BC942}") = "1016", "1016\1016.vcxproj", "{6222D67A-9210-48CA-BBCB-5F008ED594EA}"
EndProject
Project("{8BC9CEB8-8B4A-11D0-8D11-00A0C91BC942}") = "1017", "1017\1017.vcxproj", "{13EF4DBD-5663-437C-A484-34E14730D534}"
EndProject
Project("{8BC9CEB8-8B4A-11D0-8D11-00A0C91BC942}") = "1019", "1019\1019.vcxproj", "{86E8C3BF-F47B-4B32-9E5D-1CF64123E71A}"
EndProject
Project("{8BC9CEB8-8B4A-11D0-8D11-00A0C91BC942}") = "1020", "1020\1020.vcxproj", "{02014821-20A3-47B7-9B08-11F642DF1177}"
EndProject
Project("{8BC9CEB8-8B4A-11D0-8D11-00A0C91BC942}") = "2447", "2447\2447.vcxproj", "{6C836B71-DD9E-477B-8E8E-3FA73A49367E}"
EndProject
Project("{8BC9CEB8-8B4A-11D0-8D11-00A0C91BC942}") = "1021", "1021\1021.vcxproj", "{33813DC2-91D6-4D7E-A609-A3369A39EAA8}"
EndProject
Project("{8BC9CEB8-8B4A-11D0-8D11-00A0C91BC942}") = "1022", "1022\1022.vcxproj", "{44E2255C-F9A8-445E-93A6-CB23DE1AE917}"
EndProject
Project("{8BC9CEB8-8B4A-11D0-8D11-00A0C91BC942}") = "1023", "1023\1023.vcxproj", "{AFF6A876-7DD6-4E77-958E-5891FC3883E6}"
EndProject
Project("{8BC9CEB8-8B4A-11D0-8D11-00A0C91BC942}") = "1024", "1024\1024.vcxproj", "{AEEA322A-62CC-42FE-86CA-00D9CB5A92DB}"
EndProject
Project("{8BC9CEB8-8B4A-11D0-8D11-00A0C91BC942}") = "1025", "1025\1025.vcxproj", "{419B2814-227A-4112-B821-3B728A9DD3F3}"
EndProject
Project("{8BC9CEB8-8B4A-11D0-8D11-00A0C91BC942}") = "1026", "1026\1026.vcxproj", "{6080454D-0B75-4667-8D1E-D5810811878B}"
EndProject
Project("{8BC9CEB8-8B4A-11D0-8D11-00A0C91BC942}") = "1027", "1027\1027.vcxproj", "{5A62E1CA-791E-4346-B9BD-ACF82CFF0174}"
EndProject
Project("{8BC9CEB8-8B4A-11D0-8D11-00A0C91BC942}") = "1028", "1028\1028.vcxproj", "{2F1A1C13-2F6C-4942-A8D5-C31D89511837}"
EndProject
Project("{8BC9CEB8-8B4A-11D0-8D11-00A0C91BC942}") = "1029", "1029\1029.vcxproj", "{F7BF974F-D3F5-41B5-BED6-9F9AFDD666AD}"
EndProject
Global
	GlobalSection(SolutionConfigurationPlatforms) = preSolution
		Debug|x64 = Debug|x64
		Debug|x86 = Debug|x86
		Release|x64 = Release|x64
		Release|x86 = Release|x86
	EndGlobalSection
	GlobalSection(ProjectConfigurationPlatforms) = postSolution
		{8E76A32F-68FF-43BF-B113-993B4910230D}.Debug|x64.ActiveCfg = Debug|x64
		{8E76A32F-68FF-43BF-B113-993B4910230D}.Debug|x64.Build.0 = Debug|x64
		{8E76A32F-68FF-43BF-B113-993B4910230D}.Debug|x86.ActiveCfg = Debug|Win32
		{8E76A32F-68FF-43BF-B113-993B4910230D}.Debug|x86.Build.0 = Debug|Win32
		{8E76A32F-68FF-43BF-B113-993B4910230D}.Release|x64.ActiveCfg = Release|x64
		{8E76A32F-68FF-43BF-B113-993B4910230D}.Release|x64.Build.0 = Release|x64
		{8E76A32F-68FF-43BF-B113-993B4910230D}.Release|x86.ActiveCfg = Release|Win32
		{8E76A32F-68FF-43BF-B113-993B4910230D}.Release|x86.Build.0 = Release|Win32
		{A031C561-5072-4FD1-AF3A-ADE3796728C0}.Debug|x64.ActiveCfg = Debug|x64
		{A031C561-5072-4FD1-AF3A-ADE3796728C0}.Debug|x64.Build.0 = Debug|x64
		{A031C561-5072-4FD1-AF3A-ADE3796728C0}.Debug|x86.ActiveCfg = Debug|Win32
		{A031C561-5072-4FD1-AF3A-ADE3796728C0}.Debug|x86.Build.0 = Debug|Win32
		{A031C561-5072-4FD1-AF3A-ADE3796728C0}.Release|x64.ActiveCfg = Release|x64
		{A031C561-5072-4FD1-AF3A-ADE3796728C0}.Release|x64.Build.0 = Release|x64
		{A031C561-5072-4FD1-AF3A-ADE3796728C0}.Release|x86.ActiveCfg = Release|Win32
		{A031C561-5072-4FD1-AF3A-ADE3796728C0}.Release|x86.Build.0 = Release|Win32
		{E1D870BA-11AC-4AB6-B35D-CCEB91EACB22}.Debug|x64.ActiveCfg = Debug|x64
		{E1D870BA-11AC-4AB6-B35D-CCEB91EACB22}.Debug|x64.Build.0 = Debug|x64
		{E1D870BA-11AC-4AB6-B35D-CCEB91EACB22}.Debug|x86.ActiveCfg = Debug|Win32
		{E1D870BA-11AC-4AB6-B35D-CCEB91EACB22}.Debug|x86.Build.0 = Debug|Win32
		{E1D870BA-11AC-4AB6-B35D-CCEB91EACB22}.Release|x64.ActiveCfg = Release|x64
		{E1D870BA-11AC-4AB6-B35D-CCEB91EACB22}.Release|x64.Build.0 = Release|x64
		{E1D870BA-11AC-4AB6-B35D-CCEB91EACB22}.Release|x86.ActiveCfg = Release|Win32
		{E1D870BA-11AC-4AB6-B35D-CCEB91EACB22}.Release|x86.Build.0 = Release|Win32
		{9A8A32CA-57AA-42FE-ACF0-F87ED9E74A65}.Debug|x64.ActiveCfg = Debug|x64
		{9A8A32CA-57AA-42FE-ACF0-F87ED9E74A65}.Debug|x64.Build.0 = Debug|x64
		{9A8A32CA-57AA-42FE-ACF0-F87ED9E74A65}.Debug|x86.ActiveCfg = Debug|Win32
		{9A8A32CA-57AA-42FE-ACF0-F87ED9E74A65}.Debug|x86.Build.0 = Debug|Win32
		{9A8A32CA-57AA-42FE-ACF0-F87ED9E74A65}.Release|x64.ActiveCfg = Release|x64
		{9A8A32CA-57AA-42FE-ACF0-F87ED9E74A65}.Release|x64.Build.0 = Release|x64
		{9A8A32CA-57AA-42FE-ACF0-F87ED9E74A65}.Release|x86.ActiveCfg = Release|Win32
		{9A8A32CA-57AA-42FE-ACF0-F87ED9E74A65}.Release|x86.Build.0 = Release|Win32
		{719DCB8B-D46F-45DF-87C7-7095E9A7BBE7}.Debug|x64.ActiveCfg = Debug|x64
		{719DCB8B-D46F-45DF-87C7-7095E9A7BBE7}.Debug|x64.Build.0 = Debug|x64
		{719DCB8B-D46F-45DF-87C7-7095E9A7BBE7}.Debug|x86.ActiveCfg = Debug|Win32
		{719DCB8B-D46F-45DF-87C7-7095E9A7BBE7}.Debug|x86.Build.0 = Debug|Win32
		{719DCB8B-D46F-45DF-87C7-7095E9A7BBE7}.Release|x64.ActiveCfg = Release|x64
		{719DCB8B-D46F-45DF-87C7-7095E9A7BBE7}.Release|x64.Build.0 = Release|x64
		{719DCB8B-D46F-45DF-87C7-7095E9A7BBE7}.Release|x86.ActiveCfg = Release|Win32
		{719DCB8B-D46F-45DF-87C7-7095E9A7BBE7}.Release|x86.Build.0 = Release|Win32
		{2B82B80C-92B3-42A1-A7ED-EF04BBB702A7}.Debug|x64.ActiveCfg = Debug|x64
		{2B82B80C-92B3-42A1-A7ED-EF04BBB702A7}.Debug|x64.Build.0 = Debug|x64
		{2B82B80C-92B3-42A1-A7ED-EF04BBB702A7}.Debug|x86.ActiveCfg = Debug|Win32
		{2B82B80C-92B3-42A1-A7ED-EF04BBB702A7}.Debug|x86.Build.0 = Debug|Win32
		{2B82B80C-92B3-42A1-A7ED-EF04BBB702A7}.Release|x64.ActiveCfg = Release|x64
		{2B82B80C-92B3-42A1-A7ED-EF04BBB702A7}.Release|x64.Build.0 = Release|x64
		{2B82B80C-92B3-42A1-A7ED-EF04BBB702A7}.Release|x86.ActiveCfg = Release|Win32
		{2B82B80C-92B3-42A1-A7ED-EF04BBB702A7}.Release|x86.Build.0 = Release|Win32
		{3800FCEB-B8D2-49F1-9266-34917BFF5137}.Debug|x64.ActiveCfg = Debug|x64
		{3800FCEB-B8D2-49F1-9266-34917BFF5137}.Debug|x64.Build.0 = Debug|x64
		{3800FCEB-B8D2-49F1-9266-34917BFF5137}.Debug|x86.ActiveCfg = Debug|Win32
		{3800FCEB-B8D2-49F1-9266-34917BFF5137}.Debug|x86.Build.0 = Debug|Win32
		{3800FCEB-B8D2-49F1-9266-34917BFF5137}.Release|x64.ActiveCfg = Release|x64
		{3800FCEB-B8D2-49F1-9266-34917BFF5137}.Release|x64.Build.0 = Release|x64
		{3800FCEB-B8D2-49F1-9266-34917BFF5137}.Release|x86.ActiveCfg = Release|Win32
		{3800FCEB-B8D2-49F1-9266-34917BFF5137}.Release|x86.Build.0 = Release|Win32
		{03A9159B-8426-4E03-8120-94700F7A1BB8}.Debug|x64.ActiveCfg = Debug|x64
		{03A9159B-8426-4E03-8120-94700F7A1BB8}.Debug|x64.Build.0 = Debug|x64
		{03A9159B-8426-4E03-8120-94700F7A1BB8}.Debug|x86.ActiveCfg = Debug|Win32
		{03A9159B-8426-4E03-8120-94700F7A1BB8}.Debug|x86.Build.0 = Debug|Win32
		{03A9159B-8426-4E03-8120-94700F7A1BB8}.Release|x64.ActiveCfg = Release|x64
		{03A9159B-8426-4E03-8120-94700F7A1BB8}.Release|x64.Build.0 = Release|x64
		{03A9159B-8426-4E03-8120-94700F7A1BB8}.Release|x86.ActiveCfg = Release|Win32
		{03A9159B-8426-4E03-8120-94700F7A1BB8}.Release|x86.Build.0 = Release|Win32
		{B7097716-AAB0-40AF-A3DB-B62FCEA4DC9B}.Debug|x64.ActiveCfg = Debug|x64
		{B7097716-AAB0-40AF-A3DB-B62FCEA4DC9B}.Debug|x64.Build.0 = Debug|x64
		{B7097716-AAB0-40AF-A3DB-B62FCEA4DC9B}.Debug|x86.ActiveCfg = Debug|Win32
		{B7097716-AAB0-40AF-A3DB-B62FCEA4DC9B}.Debug|x86.Build.0 = Debug|Win32
		{B7097716-AAB0-40AF-A3DB-B62FCEA4DC9B}.Release|x64.ActiveCfg = Release|x64
		{B7097716-AAB0-40AF-A3DB-B62FCEA4DC9B}.Release|x64.Build.0 = Release|x64
		{B7097716-AAB0-40AF-A3DB-B62FCEA4DC9B}.Release|x86.ActiveCfg = Release|Win32
		{B7097716-AAB0-40AF-A3DB-B62FCEA4DC9B}.Release|x86.Build.0 = Release|Win32
		{389406B2-6283-4665-80B8-16E1F07787B7}.Debug|x64.ActiveCfg = Debug|x64
		{389406B2-6283-4665-80B8-16E1F07787B7}.Debug|x64.Build.0 = Debug|x64
		{389406B2-6283-4665-80B8-16E1F07787B7}.Debug|x86.ActiveCfg = Debug|Win32
		{389406B2-6283-4665-80B8-16E1F07787B7}.Debug|x86.Build.0 = Debug|Win32
		{389406B2-6283-4665-80B8-16E1F07787B7}.Release|x64.ActiveCfg = Release|x64
		{389406B2-6283-4665-80B8-16E1F07787B7}.Release|x64.Build.0 = Release|x64
		{389406B2-6283-4665-80B8-16E1F07787B7}.Release|x86.ActiveCfg = Release|Win32
		{389406B2-6283-4665-80B8-16E1F07787B7}.Release|x86.Build.0 = Release|Win32
		{231F4101-9DAB-4620-A54A-47FC0C522FDB}.Debug|x64.ActiveCfg = Debug|x64
		{231F4101-9DAB-4620-A54A-47FC0C522FDB}.Debug|x64.Build.0 = Debug|x64
		{231F4101-9DAB-4620-A54A-47FC0C522FDB}.Debug|x86.ActiveCfg = Debug|Win32
		{231F4101-9DAB-4620-A54A-47FC0C522FDB}.Debug|x86.Build.0 = Debug|Win32
		{231F4101-9DAB-4620-A54A-47FC0C522FDB}.Release|x64.ActiveCfg = Release|x64
		{231F4101-9DAB-4620-A54A-47FC0C522FDB}.Release|x64.Build.0 = Release|x64
		{231F4101-9DAB-4620-A54A-47FC0C522FDB}.Release|x86.ActiveCfg = Release|Win32
		{231F4101-9DAB-4620-A54A-47FC0C522FDB}.Release|x86.Build.0 = Release|Win32
		{37D1F462-3FDF-455C-A25A-CD9E3E76F87E}.Debug|x64.ActiveCfg = Debug|x64
		{37D1F462-3FDF-455C-A25A-CD9E3E76F87E}.Debug|x64.Build.0 = Debug|x64
		{37D1F462-3FDF-455C-A25A-CD9E3E76F87E}.Debug|x86.ActiveCfg = Debug|Win32
		{37D1F462-3FDF-455C-A25A-CD9E3E76F87E}.Debug|x86.Build.0 = Debug|Win32
		{37D1F462-3FDF-455C-A25A-CD9E3E76F87E}.Release|x64.ActiveCfg = Release|x64
		{37D1F462-3FDF-455C-A25A-CD9E3E76F87E}.Release|x64.Build.0 = Release|x64
		{37D1F462-3FDF-455C-A25A-CD9E3E76F87E}.Release|x86.ActiveCfg = Release|Win32
		{37D1F462-3FDF-455C-A25A-CD9E3E76F87E}.Release|x86.Build.0 = Release|Win32
		{2D10C6F7-5919-4F1F-92B9-83CD29FA9DF3}.Debug|x64.ActiveCfg = Debug|x64
		{2D10C6F7-5919-4F1F-92B9-83CD29FA9DF3}.Debug|x64.Build.0 = Debug|x64
		{2D10C6F7-5919-4F1F-92B9-83CD29FA9DF3}.Debug|x86.ActiveCfg = Debug|Win32
		{2D10C6F7-5919-4F1F-92B9-83CD29FA9DF3}.Debug|x86.Build.0 = Debug|Win32
		{2D10C6F7-5919-4F1F-92B9-83CD29FA9DF3}.Release|x64.ActiveCfg = Release|x64
		{2D10C6F7-5919-4F1F-92B9-83CD29FA9DF3}.Release|x64.Build.0 = Release|x64
		{2D10C6F7-5919-4F1F-92B9-83CD29FA9DF3}.Release|x86.ActiveCfg = Release|Win32
		{2D10C6F7-5919-4F1F-92B9-83CD29FA9DF3}.Release|x86.Build.0 = Release|Win32
		{7C311969-6862-4E53-A3DF-2886FEB9C4B1}.Debug|x64.ActiveCfg = Debug|x64
		{7C311969-6862-4E53-A3DF-2886FEB9C4B1}.Debug|x64.Build.0 = Debug|x64
		{7C311969-6862-4E53-A3DF-2886FEB9C4B1}.Debug|x86.ActiveCfg = Debug|Win32
		{7C311969-6862-4E53-A3DF-2886FEB9C4B1}.Debug|x86.Build.0 = Debug|Win32
		{7C311969-6862-4E53-A3DF-2886FEB9C4B1}.Release|x64.ActiveCfg = Release|x64
		{7C311969-6862-4E53-A3DF-2886FEB9C4B1}.Release|x64.Build.0 = Release|x64
		{7C311969-6862-4E53-A3DF-2886FEB9C4B1}.Release|x86.ActiveCfg = Release|Win32
		{7C311969-6862-4E53-A3DF-2886FEB9C4B1}.Release|x86.Build.0 = Release|Win32
		{F5B4328B-1210-410C-94FF-7D69AB421A97}.Debug|x64.ActiveCfg = Debug|x64
		{F5B4328B-1210-410C-94FF-7D69AB421A97}.Debug|x64.Build.0 = Debug|x64
		{F5B4328B-1210-410C-94FF-7D69AB421A97}.Debug|x86.ActiveCfg = Debug|Win32
		{F5B4328B-1210-410C-94FF-7D69AB421A97}.Debug|x86.Build.0 = Debug|Win32
		{F5B4328B-1210-410C-94FF-7D69AB421A97}.Release|x64.ActiveCfg = Release|x64
		{F5B4328B-1210-410C-94FF-7D69AB421A97}.Release|x64.Build.0 = Release|x64
		{F5B4328B-1210-410C-94FF-7D69AB421A97}.Release|x86.ActiveCfg = Release|Win32
		{F5B4328B-1210-410C-94FF-7D69AB421A97}.Release|x86.Build.0 = Release|Win32
		{6222D67A-9210-48CA-BBCB-5F008ED594EA}.Debug|x64.ActiveCfg = Debug|x64
		{6222D67A-9210-48CA-BBCB-5F008ED594EA}.Debug|x64.Build.0 = Debug|x64
		{6222D67A-9210-48CA-BBCB-5F008ED594EA}.Debug|x86.ActiveCfg = Debug|Win32
		{6222D67A-9210-48CA-BBCB-5F008ED594EA}.Debug|x86.Build.0 = Debug|Win32
		{6222D67A-9210-48CA-BBCB-5F008ED594EA}.Release|x64.ActiveCfg = Release|x64
		{6222D67A-9210-48CA-BBCB-5F008ED594EA}.Release|x64.Build.0 = Release|x64
		{6222D67A-9210-48CA-BBCB-5F008ED594EA}.Release|x86.ActiveCfg = Release|Win32
		{6222D67A-9210-48CA-BBCB-5F008ED594EA}.Release|x86.Build.0 = Release|Win32
		{13EF4DBD-5663-437C-A484-34E14730D534}.Debug|x64.ActiveCfg = Debug|x64
		{13EF4DBD-5663-437C-A484-34E14730D534}.Debug|x64.Build.0 = Debug|x64
		{13EF4DBD-5663-437C-A484-34E14730D534}.Debug|x86.ActiveCfg = Debug|Win32
		{13EF4DBD-5663-437C-A484-34E14730D534}.Debug|x86.Build.0 = Debug|Win32
		{13EF4DBD-5663-437C-A484-34E14730D534}.Release|x64.ActiveCfg = Release|x64
		{13EF4DBD-5663-437C-A484-34E14730D534}.Release|x64.Build.0 = Release|x64
		{13EF4DBD-5663-437C-A484-34E14730D534}.Release|x86.ActiveCfg = Release|Win32
		{13EF4DBD-5663-437C-A484-34E14730D534}.Release|x86.Build.0 = Release|Win32
		{86E8C3BF-F47B-4B32-9E5D-1CF64123E71A}.Debug|x64.ActiveCfg = Debug|x64
		{86E8C3BF-F47B-4B32-9E5D-1CF64123E71A}.Debug|x64.Build.0 = Debug|x64
		{86E8C3BF-F47B-4B32-9E5D-1CF64123E71A}.Debug|x86.ActiveCfg = Debug|Win32
		{86E8C3BF-F47B-4B32-9E5D-1CF64123E71A}.Debug|x86.Build.0 = Debug|Win32
		{86E8C3BF-F47B-4B32-9E5D-1CF64123E71A}.Release|x64.ActiveCfg = Release|x64
		{86E8C3BF-F47B-4B32-9E5D-1CF64123E71A}.Release|x64.Build.0 = Release|x64
		{86E8C3BF-F47B-4B32-9E5D-1CF64123E71A}.Release|x86.ActiveCfg = Release|Win32
		{86E8C3BF-F47B-4B32-9E5D-1CF64123E71A}.Release|x86.Build.0 = Release|Win32
		{02014821-20A3-47B7-9B08-11F642DF1177}.Debug|x64.ActiveCfg = Debug|x64
		{02014821-20A3-47B7-9B08-11F642DF1177}.Debug|x64.Build.0 = Debug|x64
		{02014821-20A3-47B7-9B08-11F642DF1177}.Debug|x86.ActiveCfg = Debug|Win32
		{02014821-20A3-47B7-9B08-11F642DF1177}.Debug|x86.Build.0 = Debug|Win32
		{02014821-20A3-47B7-9B08-11F642DF1177}.Release|x64.ActiveCfg = Release|x64
		{02014821-20A3-47B7-9B08-11F642DF1177}.Release|x64.Build.0 = Release|x64
		{02014821-20A3-47B7-9B08-11F642DF1177}.Release|x86.ActiveCfg = Release|Win32
		{02014821-20A3-47B7-9B08-11F642DF1177}.Release|x86.Build.0 = Release|Win32
		{6C836B71-DD9E-477B-8E8E-3FA73A49367E}.Debug|x64.ActiveCfg = Debug|x64
		{6C836B71-DD9E-477B-8E8E-3FA73A49367E}.Debug|x64.Build.0 = Debug|x64
		{6C836B71-DD9E-477B-8E8E-3FA73A49367E}.Debug|x86.ActiveCfg = Debug|Win32
		{6C836B71-DD9E-477B-8E8E-3FA73A49367E}.Debug|x86.Build.0 = Debug|Win32
		{6C836B71-DD9E-477B-8E8E-3FA73A49367E}.Release|x64.ActiveCfg = Release|x64
		{6C836B71-DD9E-477B-8E8E-3FA73A49367E}.Release|x64.Build.0 = Release|x64
		{6C836B71-DD9E-477B-8E8E-3FA73A49367E}.Release|x86.ActiveCfg = Release|Win32
		{6C836B71-DD9E-477B-8E8E-3FA73A49367E}.Release|x86.Build.0 = Release|Win32
		{33813DC2-91D6-4D7E-A609-A3369A39EAA8}.Debug|x64.ActiveCfg = Debug|x64
		{33813DC2-91D6-4D7E-A609-A3369A39EAA8}.Debug|x64.Build.0 = Debug|x64
		{33813DC2-91D6-4D7E-A609-A3369A39EAA8}.Debug|x86.ActiveCfg = Debug|Win32
		{33813DC2-91D6-4D7E-A609-A3369A39EAA8}.Debug|x86.Build.0 = Debug|Win32
		{33813DC2-91D6-4D7E-A609-A3369A39EAA8}.Release|x64.ActiveCfg = Release|x64
		{33813DC2-91D6-4D7E-A609-A3369A39EAA8}.Release|x64.Build.0 = Release|x64
		{33813DC2-91D6-4D7E-A609-A3369A39EAA8}.Release|x86.ActiveCfg = Release|Win32
		{33813DC2-91D6-4D7E-A609-A3369A39EAA8}.Release|x86.Build.0 = Release|Win32
		{44E2255C-F9A8-445E-93A6-CB23DE1AE917}.Debug|x64.ActiveCfg = Debug|x64
		{44E2255C-F9A8-445E-93A6-CB23DE1AE917}.Debug|x64.Build.0 = Debug|x64
		{44E2255C-F9A8-445E-93A6-CB23DE1AE917}.Debug|x86.ActiveCfg = Debug|Win32
		{44E2255C-F9A8-445E-93A6-CB23DE1AE917}.Debug|x86.Build.0 = Debug|Win32
		{44E2255C-F9A8-445E-93A6-CB23DE1AE917}.Release|x64.ActiveCfg = Release|x64
		{44E2255C-F9A8-445E-93A6-CB23DE1AE917}.Release|x64.Build.0 = Release|x64
		{44E2255C-F9A8-445E-93A6-CB23DE1AE917}.Release|x86.ActiveCfg = Release|Win32
		{44E2255C-F9A8-445E-93A6-CB23DE1AE917}.Release|x86.Build.0 = Release|Win32
		{AFF6A876-7DD6-4E77-958E-5891FC3883E6}.Debug|x64.ActiveCfg = Debug|x64
		{AFF6A876-7DD6-4E77-958E-5891FC3883E6}.Debug|x64.Build.0 = Debug|x64
		{AFF6A876-7DD6-4E77-958E-5891FC3883E6}.Debug|x86.ActiveCfg = Debug|Win32
		{AFF6A876-7DD6-4E77-958E-5891FC3883E6}.Debug|x86.Build.0 = Debug|Win32
		{AFF6A876-7DD6-4E77-958E-5891FC3883E6}.Release|x64.ActiveCfg = Release|x64
		{AFF6A876-7DD6-4E77-958E-5891FC3883E6}.Release|x64.Build.0 = Release|x64
		{AFF6A876-7DD6-4E77-958E-5891FC3883E6}.Release|x86.ActiveCfg = Release|Win32
		{AFF6A876-7DD6-4E77-958E-5891FC3883E6}.Release|x86.Build.0 = Release|Win32
		{AEEA322A-62CC-42FE-86CA-00D9CB5A92DB}.Debug|x64.ActiveCfg = Debug|x64
		{AEEA322A-62CC-42FE-86CA-00D9CB5A92DB}.Debug|x64.Build.0 = Debug|x64
		{AEEA322A-62CC-42FE-86CA-00D9CB5A92DB}.Debug|x86.ActiveCfg = Debug|Win32
		{AEEA322A-62CC-42FE-86CA-00D9CB5A92DB}.Debug|x86.Build.0 = Debug|Win32
		{AEEA322A-62CC-42FE-86CA-00D9CB5A92DB}.Release|x64.ActiveCfg = Release|x64
		{AEEA322A-62CC-42FE-86CA-00D9CB5A92DB}.Release|x64.Build.0 = Release|x64
		{AEEA322A-62CC-42FE-86CA-00D9CB5A92DB}.Release|x86.ActiveCfg = Release|Win32
		{AEEA322A-62CC-42FE-86CA-00D9CB5A92DB}.Release|x86.Build.0 = Release|Win32
		{419B2814-227A-4112-B821-3B728A9DD3F3}.Debug|x64.ActiveCfg = Debug|x64
		{419B2814-227A-4112-B821-3B728A9DD3F3}.Debug|x64.Build.0 = Debug|x64
		{419B2814-227A-4112-B821-3B728A9DD3F3}.Debug|x86.ActiveCfg = Debug|Win32
		{419B2814-227A-4112-B821-3B728A9DD3F3}.Debug|x86.Build.0 = Debug|Win32
		{419B2814-227A-4112-B821-3B728A9DD3F3}.Release|x64.ActiveCfg = Release|x64
		{419B2814-227A-4112-B821-3B728A9DD3F3}.Release|x64.Build.0 = Release|x64
		{419B2814-227A-4112-B821-3B728A9DD3F3}.Release|x86.ActiveCfg = Release|Win32
		{419B2814-227A-4112-B821-3B728A9DD3F3}.Release|x86.Build.0 = Release|Win32
		{6080454D-0B75-4667-8D1E-D5810811878B}.Debug|x64.ActiveCfg = Debug|x64
		{6080454D-0B75-4667-8D1E-D5810811878B}.Debug|x64.Build.0 = Debug|x64
		{6080454D-0B75-4667-8D1E-D5810811878B}.Debug|x86.ActiveCfg = Debug|Win32
		{6080454D-0B75-4667-8D1E-D5810811878B}.Debug|x86.Build.0 = Debug|Win32
		{6080454D-0B75-4667-8D1E-D5810811878B}.Release|x64.ActiveCfg = Release|x64
		{6080454D-0B75-4667-8D1E-D5810811878B}.Release|x64.Build.0 = Release|x64
		{6080454D-0B75-4667-8D1E-D5810811878B}.Release|x86.ActiveCfg = Release|Win32
		{6080454D-0B75-4667-8D1E-D5810811878B}.Release|x86.Build.0 = Release|Win32
		{5A62E1CA-791E-4346-B9BD-ACF82CFF0174}.Debug|x64.ActiveCfg = Debug|x64
		{5A62E1CA-791E-4346-B9BD-ACF82CFF0174}.Debug|x64.Build.0 = Debug|x64
		{5A62E1CA-791E-4346-B9BD-ACF82CFF0174}.Debug|x86.ActiveCfg = Debug|Win32
		{5A62E1CA-791E-4346-B9BD-ACF82CFF0174}.Debug|x86.Build.0 = Debug|Win32
		{5A62E1CA-791E-4346-B9BD-ACF82CFF0174}.Release|x64.ActiveCfg = Release|x64
		{5A62E1CA-791E-4346-B9BD-ACF82CFF0174}.Release|x64.Build.0 = Release|x64
		{5A62E1CA-791E-4346-B9BD-ACF82CFF0174}.Release|x86.ActiveCfg = Release|Win32
		{5A62E1CA-791E-4346-B9BD-ACF82CFF0174}.Release|x86.Build.0 = Release|Win32
		{2F1A1C13-2F6C-4942-A8D5-C31D89511837}.Debug|x64.ActiveCfg = Debug|x64
		{2F1A1C13-2F6C-4942-A8D5-C31D89511837}.Debug|x64.Build.0 = Debug|x64
		{2F1A1C13-2F6C-4942-A8D5-C31D89511837}.Debug|x86.ActiveCfg = Debug|Win32
		{2F1A1C13-2F6C-4942-A8D5-C31D89511837}.Debug|x86.Build.0 = Debug|Win32
		{2F1A1C13-2F6C-4942-A8D5-C31D89511837}.Release|x64.ActiveCfg = Release|x64
		{2F1A1C13-2F6C-4942-A8D5-C31D89511837}.Release|x64.Build.0 = Release|x64
		{2F1A1C13-2F6C-4942-A8D5-C31D89511837}.Release|x86.ActiveCfg = Release|Win32
		{2F1A1C13-2F6C-4942-A8D5-C31D89511837}.Release|x86.Build.0 = Release|Win32
		{F7BF974F-D3F5-41B5-BED6-9F9AFDD666AD}.Debug|x64.ActiveCfg = Debug|x64
		{F7BF974F-D3F5-41B5-BED6-9F9AFDD666AD}.Debug|x64.Build.0 = Debug|x64
		{F7BF974F-D3F5-41B5-BED6-9F9AFDD666AD}.Debug|x86.ActiveCfg = Debug|Win32
		{F7BF974F-D3F5-41B5-BED6-9F9AFDD666AD}.Debug|x86.Build.0 = Debug|Win32
		{F7BF974F-D3F5-41B5-BED6-9F9AFDD666AD}.Release|x64.ActiveCfg = Release|x64
		{F7BF974F-D3F5-41B5-BED6-9F9AFDD666AD}.Release|x64.Build.0 = Release|x64
		{F7BF974F-D3F5-41B5-BED6-9F9AFDD666AD}.Release|x86.ActiveCfg = Release|Win32
		{F7BF974F-D3F5-41B5-BED6-9F9AFDD666AD}.Release|x86.Build.0 = Release|Win32
	EndGlobalSection
	GlobalSection(SolutionProperties) = preSolution
		HideSolutionNode = FALSE
	EndGlobalSection
	GlobalSection(NestedProjects) = preSolution
		{A031C561-5072-4FD1-AF3A-ADE3796728C0} = {647D96DF-49E2-4444-B239-D79C107727E0}
		{E1D870BA-11AC-4AB6-B35D-CCEB91EACB22} = {647D96DF-49E2-4444-B239-D79C107727E0}
		{9A8A32CA-57AA-42FE-ACF0-F87ED9E74A65} = {647D96DF-49E2-4444-B239-D79C107727E0}
		{719DCB8B-D46F-45DF-87C7-7095E9A7BBE7} = {647D96DF-49E2-4444-B239-D79C107727E0}
		{2B82B80C-92B3-42A1-A7ED-EF04BBB702A7} = {647D96DF-49E2-4444-B239-D79C107727E0}
		{3800FCEB-B8D2-49F1-9266-34917BFF5137} = {647D96DF-49E2-4444-B239-D79C107727E0}
		{03A9159B-8426-4E03-8120-94700F7A1BB8} = {647D96DF-49E2-4444-B239-D79C107727E0}
		{B7097716-AAB0-40AF-A3DB-B62FCEA4DC9B} = {647D96DF-49E2-4444-B239-D79C107727E0}
		{389406B2-6283-4665-80B8-16E1F07787B7} = {647D96DF-49E2-4444-B239-D79C107727E0}
		{231F4101-9DAB-4620-A54A-47FC0C522FDB} = {647D96DF-49E2-4444-B239-D79C107727E0}
		{37D1F462-3FDF-455C-A25A-CD9E3E76F87E} = {647D96DF-49E2-4444-B239-D79C107727E0}
		{2D10C6F7-5919-4F1F-92B9-83CD29FA9DF3} = {BB57FA04-4242-453A-B516-9F503DBD78DE}
		{7C311969-6862-4E53-A3DF-2886FEB9C4B1} = {647D96DF-49E2-4444-B239-D79C107727E0}
		{F5B4328B-1210-410C-94FF-7D69AB421A97} = {BB57FA04-4242-453A-B516-9F503DBD78DE}
		{6222D67A-9210-48CA-BBCB-5F008ED594EA} = {647D96DF-49E2-4444-B239-D79C107727E0}
		{13EF4DBD-5663-437C-A484-34E14730D534} = {647D96DF-49E2-4444-B239-D79C107727E0}
		{86E8C3BF-F47B-4B32-9E5D-1CF64123E71A} = {647D96DF-49E2-4444-B239-D79C107727E0}
		{02014821-20A3-47B7-9B08-11F642DF1177} = {647D96DF-49E2-4444-B239-D79C107727E0}
		{6C836B71-DD9E-477B-8E8E-3FA73A49367E} = {647D96DF-49E2-4444-B239-D79C107727E0}
		{33813DC2-91D6-4D7E-A609-A3369A39EAA8} = {647D96DF-49E2-4444-B239-D79C107727E0}
		{44E2255C-F9A8-445E-93A6-CB23DE1AE917} = {647D96DF-49E2-4444-B239-D79C107727E0}
		{AFF6A876-7DD6-4E77-958E-5891FC3883E6} = {647D96DF-49E2-4444-B239-D79C107727E0}
		{AEEA322A-62CC-42FE-86CA-00D9CB5A92DB} = {647D96DF-49E2-4444-B239-D79C107727E0}
		{419B2814-227A-4112-B821-3B728A9DD3F3} = {647D96DF-49E2-4444-B239-D79C107727E0}
		{6080454D-0B75-4667-8D1E-D5810811878B} = {647D96DF-49E2-4444-B239-D79C107727E0}
		{5A62E1CA-791E-4346-B9BD-ACF82CFF0174} = {647D96DF-49E2-4444-B239-D79C107727E0}
		{2F1A1C13-2F6C-4942-A8D5-C31D89511837} = {647D96DF-49E2-4444-B239-D79C107727E0}
		{F7BF974F-D3F5-41B5-BED6-9F9AFDD666AD} = {647D96DF-49E2-4444-B239-D79C107727E0}
	EndGlobalSection
	GlobalSection(ExtensibilityGlobals) = postSolution
		SolutionGuid = {3921A0D5-2728-4743-BEA1-9E9815B7708D}
	EndGlobalSection
EndGlobal
