<?xml version="1.0" encoding="utf-8"?>
<Project ToolsVersion="4.0" xmlns="http://schemas.microsoft.com/developer/msbuild/2003">
  <ItemGroup>
    <Filter Include="sort">
      <UniqueIdentifier>{384845b2-fb9e-46b6-9540-62cc9d70d92a}</UniqueIdentifier>
    </Filter>
    <Filter Include="hash">
      <UniqueIdentifier>{03de999c-5da1-40e1-93a7-561c9ce89c0e}</UniqueIdentifier>
    </Filter>
    <Filter Include="stack queue">
      <UniqueIdentifier>{ebc25106-e63e-41c8-8b2f-14ac5cd82e75}</UniqueIdentifier>
    </Filter>
    <Filter Include="heap">
      <UniqueIdentifier>{8fc34d86-6f09-4d44-ae9d-6296d64847af}</UniqueIdentifier>
    </Filter>
  </ItemGroup>
  <ItemGroup>
    <ClCompile Include="BiggestNumber.cpp">
      <Filter>sort</Filter>
    </ClCompile>
    <ClCompile Include="pch.cpp" />
    <ClCompile Include="A player who didn%27t finish the race.cpp">
      <Filter>hash</Filter>
    </ClCompile>
    <ClCompile Include="function development.cpp">
      <Filter>stack queue</Filter>
    </ClCompile>
    <ClCompile Include="more spicy.cpp">
      <Filter>heap</Filter>
    </ClCompile>
  </ItemGroup>
  <ItemGroup>
    <ClInclude Include="pch.h" />
  </ItemGroup>
</Project>