<?xml version="1.0" encoding="utf-8"?>
<Project ToolsVersion="4.0" xmlns="http://schemas.microsoft.com/developer/msbuild/2003">
  <ItemGroup>
    <Filter Include="sort">
      <UniqueIdentifier>{384845b2-fb9e-46b6-9540-62cc9d70d92a}</UniqueIdentifier>
    </Filter>
    <Filter Include="hash">
      <UniqueIdentifier>{03de999c-5da1-40e1-93a7-561c9ce89c0e}</UniqueIdentifier>
    </Filter>
    <Filter Include="stack queue">
      <UniqueIdentifier>{ebc25106-e63e-41c8-8b2f-14ac5cd82e75}</UniqueIdentifier>
    </Filter>
    <Filter Include="heap">
      <UniqueIdentifier>{8fc34d86-6f09-4d44-ae9d-6296d64847af}</UniqueIdentifier>
    </Filter>
    <Filter Include="exhaustive search">
      <UniqueIdentifier>{46e1e251-0046-4c6a-91f4-a5b8225f4b38}</UniqueIdentifier>
    </Filter>
    <Filter Include="greedy">
      <UniqueIdentifier>{68a72597-d556-4e72-8781-00d323fb8e48}</UniqueIdentifier>
    </Filter>
    <Filter Include="dynamic programming">
      <UniqueIdentifier>{e519501f-fc93-4d0e-b0f3-0fa0d638b9fa}</UniqueIdentifier>
    </Filter>
    <Filter Include="DFS BFS">
      <UniqueIdentifier>{c37d2781-a0c8-4379-a8c6-4217464456d0}</UniqueIdentifier>
    </Filter>
    <Filter Include="binaray search">
      <UniqueIdentifier>{e7cf1850-85b9-482b-ac58-654e1431f336}</UniqueIdentifier>
    </Filter>
    <Filter Include="graph">
      <UniqueIdentifier>{da87b3fa-91b8-407e-a1a6-a912f98e802e}</UniqueIdentifier>
    </Filter>
  </ItemGroup>
  <ItemGroup>
    <ClCompile Include="pch.cpp" />
    <ClCompile Include="A player who didn%27t finish the race.cpp">
      <Filter>hash</Filter>
    </ClCompile>
    <ClCompile Include="function development.cpp">
      <Filter>stack queue</Filter>
    </ClCompile>
    <ClCompile Include="more spicy.cpp">
      <Filter>heap</Filter>
    </ClCompile>
    <ClCompile Include="K number.cpp">
      <Filter>sort</Filter>
    </ClCompile>
    <ClCompile Include="mock test.cpp">
      <Filter>exhaustive search</Filter>
    </ClCompile>
    <ClCompile Include="gym clothes.cpp">
      <Filter>greedy</Filter>
    </ClCompile>
    <ClCompile Include="N expression .cpp">
      <Filter>dynamic programming</Filter>
    </ClCompile>
    <ClCompile Include="target number.cpp">
      <Filter>DFS BFS</Filter>
    </ClCompile>
    <ClCompile Include="immigration.cpp">
      <Filter>binaray search</Filter>
    </ClCompile>
    <ClCompile Include="farthest node.cpp">
      <Filter>graph</Filter>
    </ClCompile>
    <ClCompile Include="phone numbers list.cpp">
      <Filter>hash</Filter>
    </ClCompile>
    <ClCompile Include="printer.cpp">
      <Filter>stack queue</Filter>
    </ClCompile>
    <ClCompile Include="disk controller.cpp">
      <Filter>heap</Filter>
    </ClCompile>
    <ClCompile Include="disk controller 2.cpp">
      <Filter>heap</Filter>
    </ClCompile>
    <ClCompile Include="biggest number.cpp">
      <Filter>sort</Filter>
    </ClCompile>
    <ClCompile Include="prime search.cpp">
      <Filter>exhaustive search</Filter>
    </ClCompile>
    <ClCompile Include="joystick.cpp">
      <Filter>greedy</Filter>
    </ClCompile>
    <ClCompile Include="integer triangle.cpp">
      <Filter>dynamic programming</Filter>
    </ClCompile>
    <ClCompile Include="network.cpp">
      <Filter>DFS BFS</Filter>
    </ClCompile>
    <ClCompile Include="stepping stone.cpp">
      <Filter>binaray search</Filter>
    </ClCompile>
    <ClCompile Include="rank.cpp">
      <Filter>graph</Filter>
    </ClCompile>
    <ClCompile Include="camouflage.cpp">
      <Filter>hash</Filter>
    </ClCompile>
  </ItemGroup>
  <ItemGroup>
    <ClInclude Include="pch.h" />
  </ItemGroup>
</Project>